
Microsoft Visual Studio Solution File, Format Version 12.00
# Visual Studio 15
VisualStudioVersion = 15.0.28307.421
MinimumVisualStudioVersion = 10.0.40219.1
Project("{FAE04EC0-301F-11D3-BF4B-00C04F79EFBC}") = "LatihanMemberClass", "LatihanMemberClass\LatihanMemberClass.csproj", "{DC44B245-CAF1-4A70-9AD3-EAFEF94267D9}"
EndProject
Global
	GlobalSection(SolutionConfigurationPlatforms) = preSolution
		Debug|Any CPU = Debug|Any CPU
		Release|Any CPU = Release|Any CPU
	EndGlobalSection
	GlobalSection(ProjectConfigurationPlatforms) = postSolution
		{DC44B245-CAF1-4A70-9AD3-EAFEF94267D9}.Debug|Any CPU.ActiveCfg = Debug|Any CPU
		{DC44B245-CAF1-4A70-9AD3-EAFEF94267D9}.Debug|Any CPU.Build.0 = Debug|Any CPU
		{DC44B245-CAF1-4A70-9AD3-EAFEF94267D9}.Release|Any CPU.ActiveCfg = Release|Any CPU
		{DC44B245-CAF1-4A70-9AD3-EAFEF94267D9}.Release|Any CPU.Build.0 = Release|Any CPU
	EndGlobalSection
	GlobalSection(SolutionProperties) = preSolution
		HideSolutionNode = FALSE
	EndGlobalSection
	GlobalSection(ExtensibilityGlobals) = postSolution
		SolutionGuid = {A0F7951C-73D2-4F2A-9CBA-8D72A54DBBE8}
	EndGlobalSection
EndGlobal
